NeoBundleLock codic-vim 8d722771e14f781907db0bd5ac20bf81af2fc32e
NeoBundleLock cpp-vim bc7fe9e3ead0be6a6fe3a8f2871b454051365337
NeoBundleLock gundo.vim dd5ab1e930deb8c74ea9046654dd0587df0cf459
NeoBundleLock neobundle.vim 847cbd0d180a9ff2baf369c788e186b8aafaae8b
NeoBundleLock neocomplcache 778181767467b8f8016828898779a646074d883a
NeoBundleLock neocomplete.vim 1c8d6356ad562e7430f091950530925f0a9dad5f
NeoBundleLock neosnippet 02176938f751e20a3a794e836aaba14e11eba34e
NeoBundleLock neosnippet-snippets 42e81d1409fd08a3acec8c82c8480880338e4808
NeoBundleLock syntastic 48736aa376341518d7bedf3a39daf0ae9e1dcdc0
NeoBundleLock unite.vim f376de838a46c4848a81a2e95ebc4116732b1fef
NeoBundleLock vim-autoclose a9a3b7384657bc1f60a963fd6c08c63fc48d61c3
NeoBundleLock vim-go 0aeb07e9305f5696bfc1cffb1e3b2226d851b913
NeoBundleLock vim-go-extra 522fc495fd9de46c3c87d46a81bff5b1072f5e97
NeoBundleLock vim-gocode b9604176dc910ec6e32301eb9cdd431a9c9887a4
NeoBundleLock vim-marching a0052de116afbaae96879c6d22b6bd6aafd31d24
NeoBundleLock vim-pdf d28887046c7b294f980f7ac1f3908dfa27670758
NeoBundleLock vim-quickrun 5bcb966b80d9d9e4051d9882a07fd61a2ea39d23
NeoBundleLock vimproc f96e476e41ab4cdb9c37242c8cf76f1e5aa5b91d
