NeoBundleLock cpp-vim bc7fe9e3ead0be6a6fe3a8f2871b454051365337
NeoBundleLock gundo.vim 3975ac871565115e3769dc69c06bc88ddc1369af
NeoBundleLock molokai db8ce13b3737d3ddea8368498183d7c204a762eb
NeoBundleLock neobundle.vim 77fd6c8734420335c5ebe8098d67ac425157c0a4
NeoBundleLock neocomplcache 778181767467b8f8016828898779a646074d883a
NeoBundleLock neocomplete.vim 67810dc6afab58a150117c95942074ceef969206
NeoBundleLock neosnippet 35ec5dcde26da9e069be350e52c4322c7f4b8d3a
NeoBundleLock neosnippet-snippets 0dd4b86088c9162492411d4ec40a64fe369c4396
NeoBundleLock syntastic d79d77fbdd7fe4fb0ed5d80450f4118af810ec6f
NeoBundleLock unite.vim a94c3d213111224b634fd7bea5a998fb2498de3e
NeoBundleLock vim-autoclose a9a3b7384657bc1f60a963fd6c08c63fc48d61c3
NeoBundleLock vim-go 8f11f67bc8383f010f7cf8bd6490fdbeaa444f4e
NeoBundleLock vim-go-extra 522fc495fd9de46c3c87d46a81bff5b1072f5e97
NeoBundleLock vim-gocode b9604176dc910ec6e32301eb9cdd431a9c9887a4
NeoBundleLock vim-marching a0052de116afbaae96879c6d22b6bd6aafd31d24
NeoBundleLock vim-pdf d28887046c7b294f980f7ac1f3908dfa27670758
NeoBundleLock vim-quickrun 76a5a0337e19e35cb4ac1d098636e2a688104558
NeoBundleLock vimproc ee10f742304fc222e7fef694c67ca900c35fc579
